
Microsoft Visual Studio Solution File, Format Version 12.00
# Visual Studio Version 16
VisualStudioVersion = 16.0.33529.622
MinimumVisualStudioVersion = 10.0.40219.1
Project("{8BC9CEB8-8B4A-11D0-8D11-00A0C91BC942}") = "Client", "Client\Client.vcxproj", "{FE5517BC-4909-477C-8001-F9F2F7F9A1C5}"
EndProject
Project("{8BC9CEB8-8B4A-11D0-8D11-00A0C91BC942}") = "Engine", "Engine\Engine.vcxproj", "{E5B41288-C68A-46BC-8074-868F0FE4850C}"
EndProject
Global
	GlobalSection(SolutionConfigurationPlatforms) = preSolution
		Debug|x64 = Debug|x64
		Debug|x86 = Debug|x86
		Release|x64 = Release|x64
		Release|x86 = Release|x86
	EndGlobalSection
	GlobalSection(ProjectConfigurationPlatforms) = postSolution
		{FE5517BC-4909-477C-8001-F9F2F7F9A1C5}.Debug|x64.ActiveCfg = Debug|x64
		{FE5517BC-4909-477C-8001-F9F2F7F9A1C5}.Debug|x64.Build.0 = Debug|x64
		{FE5517BC-4909-477C-8001-F9F2F7F9A1C5}.Debug|x86.ActiveCfg = Debug|Win32
		{FE5517BC-4909-477C-8001-F9F2F7F9A1C5}.Debug|x86.Build.0 = Debug|Win32
		{FE5517BC-4909-477C-8001-F9F2F7F9A1C5}.Release|x64.ActiveCfg = Release|x64
		{FE5517BC-4909-477C-8001-F9F2F7F9A1C5}.Release|x64.Build.0 = Release|x64
		{FE5517BC-4909-477C-8001-F9F2F7F9A1C5}.Release|x86.ActiveCfg = Release|Win32
		{FE5517BC-4909-477C-8001-F9F2F7F9A1C5}.Release|x86.Build.0 = Release|Win32
		{E5B41288-C68A-46BC-8074-868F0FE4850C}.Debug|x64.ActiveCfg = Debug|x64
		{E5B41288-C68A-46BC-8074-868F0FE4850C}.Debug|x64.Build.0 = Debug|x64
		{E5B41288-C68A-46BC-8074-868F0FE4850C}.Debug|x86.ActiveCfg = Debug|Win32
		{E5B41288-C68A-46BC-8074-868F0FE4850C}.Debug|x86.Build.0 = Debug|Win32
		{E5B41288-C68A-46BC-8074-868F0FE4850C}.Release|x64.ActiveCfg = Release|x64
		{E5B41288-C68A-46BC-8074-868F0FE4850C}.Release|x64.Build.0 = Release|x64
		{E5B41288-C68A-46BC-8074-868F0FE4850C}.Release|x86.ActiveCfg = Release|Win32
		{E5B41288-C68A-46BC-8074-868F0FE4850C}.Release|x86.Build.0 = Release|Win32
	EndGlobalSection
	GlobalSection(SolutionProperties) = preSolution
		HideSolutionNode = FALSE
	EndGlobalSection
	GlobalSection(ExtensibilityGlobals) = postSolution
		SolutionGuid = {DFEDE16C-9DA0-4F24-8DE9-9F1F87443C44}
	EndGlobalSection
EndGlobal
